// !$*UTF8*$!
{
	archiveVersion = 1;
	classes = {
	};
	objectVersion = 50;
	objects = {

/* Begin PBXBuildFile section */
		9E85018321805596005D2BDA /* AppDelegate.m in Sources */ = {isa = PBXBuildFile; fileRef = 9E85018221805596005D2BDA /* AppDelegate.m */; };
		9E85018621805596005D2BDA /* ViewController.m in Sources */ = {isa = PBXBuildFile; fileRef = 9E85018521805596005D2BDA /* ViewController.m */; };
		9E85018921805596005D2BDA /* Main.storyboard in Resources */ = {isa = PBXBuildFile; fileRef = 9E85018721805596005D2BDA /* Main.storyboard */; };
		9E85018B21805597005D2BDA /* Assets.xcassets in Resources */ = {isa = PBXBuildFile; fileRef = 9E85018A21805597005D2BDA /* Assets.xcassets */; };
		9E85018E21805597005D2BDA /* LaunchScreen.storyboard in Resources */ = {isa = PBXBuildFile; fileRef = 9E85018C21805597005D2BDA /* LaunchScreen.storyboard */; };
		9E85019121805597005D2BDA /* main.m in Sources */ = {isa = PBXBuildFile; fileRef = 9E85019021805597005D2BDA /* main.m */; };
		9E85019B21805597005D2BDA /* calculator_iosTests.m in Sources */ = {isa = PBXBuildFile; fileRef = 9E85019A21805597005D2BDA /* calculator_iosTests.m */; };
		9E8501A621805597005D2BDA /* calculator_iosUITests.m in Sources */ = {isa = PBXBuildFile; fileRef = 9E8501A521805597005D2BDA /* calculator_iosUITests.m */; };
/* End PBXBuildFile section */

/* Begin PBXContainerItemProxy section */
		9E85019721805597005D2BDA /* PBXContainerItemProxy */ = {
			isa = PBXContainerItemProxy;
			containerPortal = 9E85017621805596005D2BDA /* Project object */;
			proxyType = 1;
			remoteGlobalIDString = 9E85017D21805596005D2BDA;
			remoteInfo = "calculator-ios";
		};
		9E8501A221805597005D2BDA /* PBXContainerItemProxy */ = {
			isa = PBXContainerItemProxy;
			containerPortal = 9E85017621805596005D2BDA /* Project object */;
			proxyType = 1;
			remoteGlobalIDString = 9E85017D21805596005D2BDA;
			remoteInfo = "calculator-ios";
		};
/* End PBXContainerItemProxy section */

/* Begin PBXFileReference section */
		9E85017E21805596005D2BDA /* calculator-ios.app */ = {isa = PBXFileReference; explicitFileType = wrapper.application; includeInIndex = 0; path = "calculator-ios.app"; sourceTree = BUILT_PRODUCTS_DIR; };
		9E85018121805596005D2BDA /* AppDelegate.h */ = {isa = PBXFileReference; lastKnownFileType = sourcecode.c.h; path = AppDelegate.h; sourceTree = "<group>"; };
		9E85018221805596005D2BDA /* AppDelegate.m */ = {isa = PBXFileReference; lastKnownFileType = sourcecode.c.objc; path = AppDelegate.m; sourceTree = "<group>"; };
		9E85018421805596005D2BDA /* ViewController.h */ = {isa = PBXFileReference; lastKnownFileType = sourcecode.c.h; path = ViewController.h; sourceTree = "<group>"; };
		9E85018521805596005D2BDA /* ViewController.m */ = {isa = PBXFileReference; lastKnownFileType = sourcecode.c.objc; path = ViewController.m; sourceTree = "<group>"; };
		9E85018821805596005D2BDA /* Base */ = {isa = PBXFileReference; lastKnownFileType = file.storyboard; name = Base; path = Base.lproj/Main.storyboard; sourceTree = "<group>"; };
		9E85018A21805597005D2BDA /* Assets.xcassets */ = {isa = PBXFileReference; lastKnownFileType = folder.assetcatalog; path = Assets.xcassets; sourceTree = "<group>"; };
		9E85018D21805597005D2BDA /* Base */ = {isa = PBXFileReference; lastKnownFileType = file.storyboard; name = Base; path = Base.lproj/LaunchScreen.storyboard; sourceTree = "<group>"; };
		9E85018F21805597005D2BDA /* Info.plist */ = {isa = PBXFileReference; lastKnownFileType = text.plist.xml; path = Info.plist; sourceTree = "<group>"; };
		9E85019021805597005D2BDA /* main.m */ = {isa = PBXFileReference; lastKnownFileType = sourcecode.c.objc; path = main.m; sourceTree = "<group>"; };
		9E85019621805597005D2BDA /* calculator-iosTests.xctest */ = {isa = PBXFileReference; explicitFileType = wrapper.cfbundle; includeInIndex = 0; path = "calculator-iosTests.xctest"; sourceTree = BUILT_PRODUCTS_DIR; };
		9E85019A21805597005D2BDA /* calculator_iosTests.m */ = {isa = PBXFileReference; lastKnownFileType = sourcecode.c.objc; path = calculator_iosTests.m; sourceTree = "<group>"; };
		9E85019C21805597005D2BDA /* Info.plist */ = {isa = PBXFileReference; lastKnownFileType = text.plist.xml; path = Info.plist; sourceTree = "<group>"; };
		9E8501A121805597005D2BDA /* calculator-iosUITests.xctest */ = {isa = PBXFileReference; explicitFileType = wrapper.cfbundle; includeInIndex = 0; path = "calculator-iosUITests.xctest"; sourceTree = BUILT_PRODUCTS_DIR; };
		9E8501A521805597005D2BDA /* calculator_iosUITests.m */ = {isa = PBXFileReference; lastKnownFileType = sourcecode.c.objc; path = calculator_iosUITests.m; sourceTree = "<group>"; };
		9E8501A721805597005D2BDA /* Info.plist */ = {isa = PBXFileReference; lastKnownFileType = text.plist.xml; path = Info.plist; sourceTree = "<group>"; };
/* End PBXFileReference section */

/* Begin PBXFrameworksBuildPhase section */
		9E85017B21805596005D2BDA /* Frameworks */ = {
			isa = PBXFrameworksBuildPhase;
			buildActionMask = 2147483647;
			files = (
			);
			runOnlyForDeploymentPostprocessing = 0;
		};
		9E85019321805597005D2BDA /* Frameworks */ = {
			isa = PBXFrameworksBuildPhase;
			buildActionMask = 2147483647;
			files = (
			);
			runOnlyForDeploymentPostprocessing = 0;
		};
		9E85019E21805597005D2BDA /* Frameworks */ = {
			isa = PBXFrameworksBuildPhase;
			buildActionMask = 2147483647;
			files = (
			);
			runOnlyForDeploymentPostprocessing = 0;
		};
/* End PBXFrameworksBuildPhase section */

/* Begin PBXGroup section */
		9E85017521805596005D2BDA = {
			isa = PBXGroup;
			children = (
				9E85018021805596005D2BDA /* calculator-ios */,
				9E85019921805597005D2BDA /* calculator-iosTests */,
				9E8501A421805597005D2BDA /* calculator-iosUITests */,
				9E85017F21805596005D2BDA /* Products */,
			);
			sourceTree = "<group>";
		};
		9E85017F21805596005D2BDA /* Products */ = {
			isa = PBXGroup;
			children = (
				9E85017E21805596005D2BDA /* calculator-ios.app */,
				9E85019621805597005D2BDA /* calculator-iosTests.xctest */,
				9E8501A121805597005D2BDA /* calculator-iosUITests.xctest */,
			);
			name = Products;
			sourceTree = "<group>";
		};
		9E85018021805596005D2BDA /* calculator-ios */ = {
			isa = PBXGroup;
			children = (
				9E85018121805596005D2BDA /* AppDelegate.h */,
				9E85018221805596005D2BDA /* AppDelegate.m */,
				9E85018421805596005D2BDA /* ViewController.h */,
				9E85018521805596005D2BDA /* ViewController.m */,
				9E85018721805596005D2BDA /* Main.storyboard */,
				9E85018A21805597005D2BDA /* Assets.xcassets */,
				9E85018C21805597005D2BDA /* LaunchScreen.storyboard */,
				9E85018F21805597005D2BDA /* Info.plist */,
				9E85019021805597005D2BDA /* main.m */,
			);
			path = "calculator-ios";
			sourceTree = "<group>";
		};
		9E85019921805597005D2BDA /* calculator-iosTests */ = {
			isa = PBXGroup;
			children = (
				9E85019A21805597005D2BDA /* calculator_iosTests.m */,
				9E85019C21805597005D2BDA /* Info.plist */,
			);
			path = "calculator-iosTests";
			sourceTree = "<group>";
		};
		9E8501A421805597005D2BDA /* calculator-iosUITests */ = {
			isa = PBXGroup;
			children = (
				9E8501A521805597005D2BDA /* calculator_iosUITests.m */,
				9E8501A721805597005D2BDA /* Info.plist */,
			);
			path = "calculator-iosUITests";
			sourceTree = "<group>";
		};
/* End PBXGroup section */

/* Begin PBXNativeTarget section */
		9E85017D21805596005D2BDA /* calculator-ios */ = {
			isa = PBXNativeTarget;
			buildConfigurationList = 9E8501AA21805597005D2BDA /* Build configuration list for PBXNativeTarget "calculator-ios" */;
			buildPhases = (
				9E85017A21805596005D2BDA /* Sources */,
				9E85017B21805596005D2BDA /* Frameworks */,
				9E85017C21805596005D2BDA /* Resources */,
			);
			buildRules = (
			);
			dependencies = (
			);
			name = "calculator-ios";
			productName = "calculator-ios";
			productReference = 9E85017E21805596005D2BDA /* calculator-ios.app */;
			productType = "com.apple.product-type.application";
		};
		9E85019521805597005D2BDA /* calculator-iosTests */ = {
			isa = PBXNativeTarget;
			buildConfigurationList = 9E8501AD21805597005D2BDA /* Build configuration list for PBXNativeTarget "calculator-iosTests" */;
			buildPhases = (
				9E85019221805597005D2BDA /* Sources */,
				9E85019321805597005D2BDA /* Frameworks */,
				9E85019421805597005D2BDA /* Resources */,
			);
			buildRules = (
			);
			dependencies = (
				9E85019821805597005D2BDA /* PBXTargetDependency */,
			);
			name = "calculator-iosTests";
			productName = "calculator-iosTests";
			productReference = 9E85019621805597005D2BDA /* calculator-iosTests.xctest */;
			productType = "com.apple.product-type.bundle.unit-test";
		};
		9E8501A021805597005D2BDA /* calculator-iosUITests */ = {
			isa = PBXNativeTarget;
			buildConfigurationList = 9E8501B021805597005D2BDA /* Build configuration list for PBXNativeTarget "calculator-iosUITests" */;
			buildPhases = (
				9E85019D21805597005D2BDA /* Sources */,
				9E85019E21805597005D2BDA /* Frameworks */,
				9E85019F21805597005D2BDA /* Resources */,
			);
			buildRules = (
			);
			dependencies = (
				9E8501A321805597005D2BDA /* PBXTargetDependency */,
			);
			name = "calculator-iosUITests";
			productName = "calculator-iosUITests";
			productReference = 9E8501A121805597005D2BDA /* calculator-iosUITests.xctest */;
			productType = "com.apple.product-type.bundle.ui-testing";
		};
/* End PBXNativeTarget section */

/* Begin PBXProject section */
		9E85017621805596005D2BDA /* Project object */ = {
			isa = PBXProject;
			attributes = {
				LastUpgradeCheck = 0940;
				ORGANIZATIONNAME = jinsong5;
				TargetAttributes = {
					9E85017D21805596005D2BDA = {
						CreatedOnToolsVersion = 9.4.1;
					};
					9E85019521805597005D2BDA = {
						CreatedOnToolsVersion = 9.4.1;
						TestTargetID = 9E85017D21805596005D2BDA;
					};
					9E8501A021805597005D2BDA = {
						CreatedOnToolsVersion = 9.4.1;
						TestTargetID = 9E85017D21805596005D2BDA;
					};
				};
			};
			buildConfigurationList = 9E85017921805596005D2BDA /* Build configuration list for PBXProject "calculator-ios" */;
			compatibilityVersion = "Xcode 9.3";
			developmentRegion = en;
			hasScannedForEncodings = 0;
			knownRegions = (
				en,
				Base,
			);
			mainGroup = 9E85017521805596005D2BDA;
			productRefGroup = 9E85017F21805596005D2BDA /* Products */;
			projectDirPath = "";
			projectRoot = "";
			targets = (
				9E85017D21805596005D2BDA /* calculator-ios */,
				9E85019521805597005D2BDA /* calculator-iosTests */,
				9E8501A021805597005D2BDA /* calculator-iosUITests */,
			);
		};
/* End PBXProject section */

/* Begin PBXResourcesBuildPhase section */
		9E85017C21805596005D2BDA /* Resources */ = {
			isa = PBXResourcesBuildPhase;
			buildActionMask = 2147483647;
			files = (
				9E85018E21805597005D2BDA /* LaunchScreen.storyboard in Resources */,
				9E85018B21805597005D2BDA /* Assets.xcassets in Resources */,
				9E85018921805596005D2BDA /* Main.storyboard in Resources */,
			);
			runOnlyForDeploymentPostprocessing = 0;
		};
		9E85019421805597005D2BDA /* Resources */ = {
			isa = PBXResourcesBuildPhase;
			buildActionMask = 2147483647;
			files = (
			);
			runOnlyForDeploymentPostprocessing = 0;
		};
		9E85019F21805597005D2BDA /* Resources */ = {
			isa = PBXResourcesBuildPhase;
			buildActionMask = 2147483647;
			files = (
			);
			runOnlyForDeploymentPostprocessing = 0;
		};
/* End PBXResourcesBuildPhase section */

/* Begin PBXSourcesBuildPhase section */
		9E85017A21805596005D2BDA /* Sources */ = {
			isa = PBXSourcesBuildPhase;
			buildActionMask = 2147483647;
			files = (
				9E85018621805596005D2BDA /* ViewController.m in Sources */,
				9E85019121805597005D2BDA /* main.m in Sources */,
				9E85018321805596005D2BDA /* AppDelegate.m in Sources */,
			);
			runOnlyForDeploymentPostprocessing = 0;
		};
		9E85019221805597005D2BDA /* Sources */ = {
			isa = PBXSourcesBuildPhase;
			buildActionMask = 2147483647;
			files = (
				9E85019B21805597005D2BDA /* calculator_iosTests.m in Sources */,
			);
			runOnlyForDeploymentPostprocessing = 0;
		};
		9E85019D21805597005D2BDA /* Sources */ = {
			isa = PBXSourcesBuildPhase;
			buildActionMask = 2147483647;
			files = (
				9E8501A621805597005D2BDA /* calculator_iosUITests.m in Sources */,
			);
			runOnlyForDeploymentPostprocessing = 0;
		};
/* End PBXSourcesBuildPhase section */

/* Begin PBXTargetDependency section */
		9E85019821805597005D2BDA /* PBXTargetDependency */ = {
			isa = PBXTargetDependency;
			target = 9E85017D21805596005D2BDA /* calculator-ios */;
			targetProxy = 9E85019721805597005D2BDA /* PBXContainerItemProxy */;
		};
		9E8501A321805597005D2BDA /* PBXTargetDependency */ = {
			isa = PBXTargetDependency;
			target = 9E85017D21805596005D2BDA /* calculator-ios */;
			targetProxy = 9E8501A221805597005D2BDA /* PBXContainerItemProxy */;
		};
/* End PBXTargetDependency section */

/* Begin PBXVariantGroup section */
		9E85018721805596005D2BDA /* Main.storyboard */ = {
			isa = PBXVariantGroup;
			children = (
				9E85018821805596005D2BDA /* Base */,
			);
			name = Main.storyboard;
			sourceTree = "<group>";
		};
		9E85018C21805597005D2BDA /* LaunchScreen.storyboard */ = {
			isa = PBXVariantGroup;
			children = (
				9E85018D21805597005D2BDA /* Base */,
			);
			name = LaunchScreen.storyboard;
			sourceTree = "<group>";
		};
/* End PBXVariantGroup section */

/* Begin XCBuildConfiguration section */
		9E8501A821805597005D2BDA /* Debug */ = {
			isa = XCBuildConfiguration;
			buildSettings = {
				ALWAYS_SEARCH_USER_PATHS = NO;
				CLANG_ANALYZER_NONNULL = YES;
				CLANG_ANALYZER_NUMBER_OBJECT_CONVERSION = YES_AGGRESSIVE;
				CLANG_CXX_LANGUAGE_STANDARD = "gnu++14";
				CLANG_CXX_LIBRARY = "libc++";
				CLANG_ENABLE_MODULES = YES;
				CLANG_ENABLE_OBJC_ARC = YES;
				CLANG_ENABLE_OBJC_WEAK = YES;
				CLANG_WARN_BLOCK_CAPTURE_AUTORELEASING = YES;
				CLANG_WARN_BOOL_CONVERSION = YES;
				CLANG_WARN_COMMA = YES;
				CLANG_WARN_CONSTANT_CONVERSION = YES;
				CLANG_WARN_DEPRECATED_OBJC_IMPLEMENTATIONS = YES;
				CLANG_WARN_DIRECT_OBJC_ISA_USAGE = YES_ERROR;
				CLANG_WARN_DOCUMENTATION_COMMENTS = YES;
				CLANG_WARN_EMPTY_BODY = YES;
				CLANG_WARN_ENUM_CONVERSION = YES;
				CLANG_WARN_INFINITE_RECURSION = YES;
				CLANG_WARN_INT_CONVERSION = YES;
				CLANG_WARN_NON_LITERAL_NULL_CONVERSION = YES;
				CLANG_WARN_OBJC_IMPLICIT_RETAIN_SELF = YES;
				CLANG_WARN_OBJC_LITERAL_CONVERSION = YES;
				CLANG_WARN_OBJC_ROOT_CLASS = YES_ERROR;
				CLANG_WARN_RANGE_LOOP_ANALYSIS = YES;
				CLANG_WARN_STRICT_PROTOTYPES = YES;
				CLANG_WARN_SUSPICIOUS_MOVE = YES;
				CLANG_WARN_UNGUARDED_AVAILABILITY = YES_AGGRESSIVE;
				CLANG_WARN_UNREACHABLE_CODE = YES;
				CLANG_WARN__DUPLICATE_METHOD_MATCH = YES;
				CODE_SIGN_IDENTITY = "iPhone Developer";
				COPY_PHASE_STRIP = NO;
				DEBUG_INFORMATION_FORMAT = dwarf;
				ENABLE_STRICT_OBJC_MSGSEND = YES;
				ENABLE_TESTABILITY = YES;
				GCC_C_LANGUAGE_STANDARD = gnu11;
				GCC_DYNAMIC_NO_PIC = NO;
				GCC_NO_COMMON_BLOCKS = YES;
				GCC_OPTIMIZATION_LEVEL = 0;
				GCC_PREPROCESSOR_DEFINITIONS = (
					"DEBUG=1",
					"$(inherited)",
				);
				GCC_WARN_64_TO_32_BIT_CONVERSION = YES;
				GCC_WARN_ABOUT_RETURN_TYPE = YES_ERROR;
				GCC_WARN_UNDECLARED_SELECTOR = YES;
				GCC_WARN_UNINITIALIZED_AUTOS = YES_AGGRESSIVE;
				GCC_WARN_UNUSED_FUNCTION = YES;
				GCC_WARN_UNUSED_VARIABLE = YES;
				IPHONEOS_DEPLOYMENT_TARGET = 11.4;
				MTL_ENABLE_DEBUG_INFO = YES;
				ONLY_ACTIVE_ARCH = YES;
				SDKROOT = iphoneos;
			};
			name = Debug;
		};
		9E8501A921805597005D2BDA /* Release */ = {
			isa = XCBuildConfiguration;
			buildSettings = {
				ALWAYS_SEARCH_USER_PATHS = NO;
				CLANG_ANALYZER_NONNULL = YES;
				CLANG_ANALYZER_NUMBER_OBJECT_CONVERSION = YES_AGGRESSIVE;
				CLANG_CXX_LANGUAGE_STANDARD = "gnu++14";
				CLANG_CXX_LIBRARY = "libc++";
				CLANG_ENABLE_MODULES = YES;
				CLANG_ENABLE_OBJC_ARC = YES;
				CLANG_ENABLE_OBJC_WEAK = YES;
				CLANG_WARN_BLOCK_CAPTURE_AUTORELEASING = YES;
				CLANG_WARN_BOOL_CONVERSION = YES;
				CLANG_WARN_COMMA = YES;
				CLANG_WARN_CONSTANT_CONVERSION = YES;
				CLANG_WARN_DEPRECATED_OBJC_IMPLEMENTATIONS = YES;
				CLANG_WARN_DIRECT_OBJC_ISA_USAGE = YES_ERROR;
				CLANG_WARN_DOCUMENTATION_COMMENTS = YES;
				CLANG_WARN_EMPTY_BODY = YES;
				CLANG_WARN_ENUM_CONVERSION = YES;
				CLANG_WARN_INFINITE_RECURSION = YES;
				CLANG_WARN_INT_CONVERSION = YES;
				CLANG_WARN_NON_LITERAL_NULL_CONVERSION = YES;
				CLANG_WARN_OBJC_IMPLICIT_RETAIN_SELF = YES;
				CLANG_WARN_OBJC_LITERAL_CONVERSION = YES;
				CLANG_WARN_OBJC_ROOT_CLASS = YES_ERROR;
				CLANG_WARN_RANGE_LOOP_ANALYSIS = YES;
				CLANG_WARN_STRICT_PROTOTYPES = YES;
				CLANG_WARN_SUSPICIOUS_MOVE = YES;
				CLANG_WARN_UNGUARDED_AVAILABILITY = YES_AGGRESSIVE;
				CLANG_WARN_UNREACHABLE_CODE = YES;
				CLANG_WARN__DUPLICATE_METHOD_MATCH = YES;
				CODE_SIGN_IDENTITY = "iPhone Developer";
				COPY_PHASE_STRIP = NO;
				DEBUG_INFORMATION_FORMAT = "dwarf-with-dsym";
				ENABLE_NS_ASSERTIONS = NO;
				ENABLE_STRICT_OBJC_MSGSEND = YES;
				GCC_C_LANGUAGE_STANDARD = gnu11;
				GCC_NO_COMMON_BLOCKS = YES;
				GCC_WARN_64_TO_32_BIT_CONVERSION = YES;
				GCC_WARN_ABOUT_RETURN_TYPE = YES_ERROR;
				GCC_WARN_UNDECLARED_SELECTOR = YES;
				GCC_WARN_UNINITIALIZED_AUTOS = YES_AGGRESSIVE;
				GCC_WARN_UNUSED_FUNCTION = YES;
				GCC_WARN_UNUSED_VARIABLE = YES;
				IPHONEOS_DEPLOYMENT_TARGET = 11.4;
				MTL_ENABLE_DEBUG_INFO = NO;
				SDKROOT = iphoneos;
				VALIDATE_PRODUCT = YES;
			};
			name = Release;
		};
		9E8501AB21805597005D2BDA /* Debug */ = {
			isa = XCBuildConfiguration;
			buildSettings = {
				ASSETCATALOG_COMPILER_APPICON_NAME = AppIcon;
				CODE_SIGN_STYLE = Automatic;
				DEVELOPMENT_TEAM = J44JZ54PTY;
				INFOPLIST_FILE = "calculator-ios/Info.plist";
				LD_RUNPATH_SEARCH_PATHS = (
					"$(inherited)",
					"@executable_path/Frameworks",
				);
				PRODUCT_BUNDLE_IDENTIFIER = "com.chejinsong.ios.calculator-ios";
				PRODUCT_NAME = "$(TARGET_NAME)";
				TARGETED_DEVICE_FAMILY = "1,2";
			};
			name = Debug;
		};
		9E8501AC21805597005D2BDA /* Release */ = {
			isa = XCBuildConfiguration;
			buildSettings = {
				ASSETCATALOG_COMPILER_APPICON_NAME = AppIcon;
				CODE_SIGN_STYLE = Automatic;
				DEVELOPMENT_TEAM = J44JZ54PTY;
				INFOPLIST_FILE = "calculator-ios/Info.plist";
				LD_RUNPATH_SEARCH_PATHS = (
					"$(inherited)",
					"@executable_path/Frameworks",
				);
				PRODUCT_BUNDLE_IDENTIFIER = "com.chejinsong.ios.calculator-ios";
				PRODUCT_NAME = "$(TARGET_NAME)";
				TARGETED_DEVICE_FAMILY = "1,2";
			};
			name = Release;
		};
		9E8501AE21805597005D2BDA /* Debug */ = {
			isa = XCBuildConfiguration;
			buildSettings = {
				BUNDLE_LOADER = "$(TEST_HOST)";
				CODE_SIGN_STYLE = Automatic;
				DEVELOPMENT_TEAM = J44JZ54PTY;
				INFOPLIST_FILE = "calculator-iosTests/Info.plist";
				LD_RUNPATH_SEARCH_PATHS = (
					"$(inherited)",
					"@executable_path/Frameworks",
					"@loader_path/Frameworks",
				);
				PRODUCT_BUNDLE_IDENTIFIER = "com.chejinsong.ios.calculator-iosTests";
				PRODUCT_NAME = "$(TARGET_NAME)";
				TARGETED_DEVICE_FAMILY = "1,2";
				TEST_HOST = "$(BUILT_PRODUCTS_DIR)/calculator-ios.app/calculator-ios";
			};
			name = Debug;
		};
		9E8501AF21805597005D2BDA /* Release */ = {
			isa = XCBuildConfiguration;
			buildSettings = {
				BUNDLE_LOADER = "$(TEST_HOST)";
				CODE_SIGN_STYLE = Automatic;
				DEVELOPMENT_TEAM = J44JZ54PTY;
				INFOPLIST_FILE = "calculator-iosTests/Info.plist";
				LD_RUNPATH_SEARCH_PATHS = (
					"$(inherited)",
					"@executable_path/Frameworks",
					"@loader_path/Frameworks",
				);
				PRODUCT_BUNDLE_IDENTIFIER = "com.chejinsong.ios.calculator-iosTests";
				PRODUCT_NAME = "$(TARGET_NAME)";
				TARGETED_DEVICE_FAMILY = "1,2";
				TEST_HOST = "$(BUILT_PRODUCTS_DIR)/calculator-ios.app/calculator-ios";
			};
			name = Release;
		};
		9E8501B121805597005D2BDA /* Debug */ = {
			isa = XCBuildConfiguration;
			buildSettings = {
				CODE_SIGN_STYLE = Automatic;
				DEVELOPMENT_TEAM = J44JZ54PTY;
				INFOPLIST_FILE = "calculator-iosUITests/Info.plist";
				LD_RUNPATH_SEARCH_PATHS = (
					"$(inherited)",
					"@executable_path/Frameworks",
					"@loader_path/Frameworks",
				);
				PRODUCT_BUNDLE_IDENTIFIER = "com.chejinsong.ios.calculator-iosUITests";
				PRODUCT_NAME = "$(TARGET_NAME)";
				TARGETED_DEVICE_FAMILY = "1,2";
				TEST_TARGET_NAME = "calculator-ios";
			};
			name = Debug;
		};
		9E8501B221805597005D2BDA /* Release */ = {
			isa = XCBuildConfiguration;
			buildSettings = {
				CODE_SIGN_STYLE = Automatic;
				DEVELOPMENT_TEAM = J44JZ54PTY;
				INFOPLIST_FILE = "calculator-iosUITests/Info.plist";
				LD_RUNPATH_SEARCH_PATHS = (
					"$(inherited)",
					"@executable_path/Frameworks",
					"@loader_path/Frameworks",
				);
				PRODUCT_BUNDLE_IDENTIFIER = "com.chejinsong.ios.calculator-iosUITests";
				PRODUCT_NAME = "$(TARGET_NAME)";
				TARGETED_DEVICE_FAMILY = "1,2";
				TEST_TARGET_NAME = "calculator-ios";
			};
			name = Release;
		};
/* End XCBuildConfiguration section */

/* Begin XCConfigurationList section */
		9E85017921805596005D2BDA /* Build configuration list for PBXProject "calculator-ios" */ = {
			isa = XCConfigurationList;
			buildConfigurations = (
				9E8501A821805597005D2BDA /* Debug */,
				9E8501A921805597005D2BDA /* Release */,
			);
			defaultConfigurationIsVisible = 0;
			defaultConfigurationName = Release;
		};
		9E8501AA21805597005D2BDA /* Build configuration list for PBXNativeTarget "calculator-ios" */ = {
			isa = XCConfigurationList;
			buildConfigurations = (
				9E8501AB21805597005D2BDA /* Debug */,
				9E8501AC21805597005D2BDA /* Release */,
			);
			defaultConfigurationIsVisible = 0;
			defaultConfigurationName = Release;
		};
		9E8501AD21805597005D2BDA /* Build configuration list for PBXNativeTarget "calculator-iosTests" */ = {
			isa = XCConfigurationList;
			buildConfigurations = (
				9E8501AE21805597005D2BDA /* Debug */,
				9E8501AF21805597005D2BDA /* Release */,
			);
			defaultConfigurationIsVisible = 0;
			defaultConfigurationName = Release;
		};
		9E8501B021805597005D2BDA /* Build configuration list for PBXNativeTarget "calculator-iosUITests" */ = {
			isa = XCConfigurationList;
			buildConfigurations = (
				9E8501B121805597005D2BDA /* Debug */,
				9E8501B221805597005D2BDA /* Release */,
			);
			defaultConfigurationIsVisible = 0;
			defaultConfigurationName = Release;
		};
/* End XCConfigurationList section */
	};
	rootObject = 9E85017621805596005D2BDA /* Project object */;
}
